
Microsoft Visual Studio Solution File, Format Version 12.00
# Visual Studio Version 16
VisualStudioVersion = 16.0.29215.179
MinimumVisualStudioVersion = 10.0.40219.1
Project("{FAE04EC0-301F-11D3-BF4B-00C04F79EFBC}") = "Lecture12Practice_ConsoleApp", "Lecture12Practice_ConsoleApp\Lecture12Practice_ConsoleApp.csproj", "{2F4E5B92-C9E4-4ABA-A905-F466C6F2EC9F}"
EndProject
Project("{FAE04EC0-301F-11D3-BF4B-00C04F79EFBC}") = "Trapeeze_ClassLibrary", "Trapeeze_ClassLibrary\Trapeeze_ClassLibrary.csproj", "{42F8D2C1-C8F8-4393-9E41-E6DB2BA98C54}"
EndProject
Global
	GlobalSection(SolutionConfigurationPlatforms) = preSolution
		Debug|Any CPU = Debug|Any CPU
		Release|Any CPU = Release|Any CPU
	EndGlobalSection
	GlobalSection(ProjectConfigurationPlatforms) = postSolution
		{2F4E5B92-C9E4-4ABA-A905-F466C6F2EC9F}.Debug|Any CPU.ActiveCfg = Debug|Any CPU
		{2F4E5B92-C9E4-4ABA-A905-F466C6F2EC9F}.Debug|Any CPU.Build.0 = Debug|Any CPU
		{2F4E5B92-C9E4-4ABA-A905-F466C6F2EC9F}.Release|Any CPU.ActiveCfg = Release|Any CPU
		{2F4E5B92-C9E4-4ABA-A905-F466C6F2EC9F}.Release|Any CPU.Build.0 = Release|Any CPU
		{42F8D2C1-C8F8-4393-9E41-E6DB2BA98C54}.Debug|Any CPU.ActiveCfg = Debug|Any CPU
		{42F8D2C1-C8F8-4393-9E41-E6DB2BA98C54}.Debug|Any CPU.Build.0 = Debug|Any CPU
		{42F8D2C1-C8F8-4393-9E41-E6DB2BA98C54}.Release|Any CPU.ActiveCfg = Release|Any CPU
		{42F8D2C1-C8F8-4393-9E41-E6DB2BA98C54}.Release|Any CPU.Build.0 = Release|Any CPU
	EndGlobalSection
	GlobalSection(SolutionProperties) = preSolution
		HideSolutionNode = FALSE
	EndGlobalSection
	GlobalSection(ExtensibilityGlobals) = postSolution
		SolutionGuid = {8AA1074B-3966-4A87-9280-666118A9C70E}
	EndGlobalSection
EndGlobal
